dependencies:
- name: common
  repository: https://charts.bitnami.com/bitnami
  version: 1.17.1
- name: mariadb
  repository: https://charts.bitnami.com/bitnami
  version: 11.0.14
- name: etcd
  repository: https://charts.bitnami.com/bitnami
  version: 8.2.5
digest: sha256:e36f8e0ae8295132cb118f2051d890c1151141997b37a44da2f9c7cf7b82d566
generated: "2023-09-19T10:18:11.271829045+08:00"
